
Microsoft Visual Studio Solution File, Format Version 11.00
# Visual Studio 2010
Project("{FAE04EC0-301F-11D3-BF4B-00C04F79EFBC}") = "Assembly-CSharp", "Assembly-CSharp.csproj", "{75D0C4F7-6517-A5B4-CDB6-AB64CB759B18}"
EndProject
Project("{FAE04EC0-301F-11D3-BF4B-00C04F79EFBC}") = "Assembly-CSharp-Editor", "Assembly-CSharp-Editor.csproj", "{3633AA56-BE50-5FFE-E728-5B120BFA934D}"
EndProject
Global
	GlobalSection(SolutionConfigurationPlatforms) = preSolution
		Debug|Any CPU = Debug|Any CPU
		Release|Any CPU = Release|Any CPU
	EndGlobalSection
	GlobalSection(ProjectConfigurationPlatforms) = postSolution
		{75D0C4F7-6517-A5B4-CDB6-AB64CB759B18}.Debug|Any CPU.ActiveCfg = Debug|Any CPU
		{75D0C4F7-6517-A5B4-CDB6-AB64CB759B18}.Debug|Any CPU.Build.0 = Debug|Any CPU
		{75D0C4F7-6517-A5B4-CDB6-AB64CB759B18}.Release|Any CPU.ActiveCfg = Release|Any CPU
		{75D0C4F7-6517-A5B4-CDB6-AB64CB759B18}.Release|Any CPU.Build.0 = Release|Any CPU
		{3633AA56-BE50-5FFE-E728-5B120BFA934D}.Debug|Any CPU.ActiveCfg = Debug|Any CPU
		{3633AA56-BE50-5FFE-E728-5B120BFA934D}.Debug|Any CPU.Build.0 = Debug|Any CPU
		{3633AA56-BE50-5FFE-E728-5B120BFA934D}.Release|Any CPU.ActiveCfg = Release|Any CPU
		{3633AA56-BE50-5FFE-E728-5B120BFA934D}.Release|Any CPU.Build.0 = Release|Any CPU
	EndGlobalSection
	GlobalSection(SolutionProperties) = preSolution
		HideSolutionNode = FALSE
	EndGlobalSection
	GlobalSection(MonoDevelopProperties) = preSolution
		StartupItem = Assembly-CSharp.csproj
	EndGlobalSection
EndGlobal
